
Microsoft Visual Studio Solution File, Format Version 12.00
# Visual Studio Version 17
VisualStudioVersion = 17.6.33815.320
MinimumVisualStudioVersion = 10.0.40219.1
Project("{9A19103F-16F7-4668-BE54-9A1E7A4F7556}") = "FizzBuzz", "FizzBuzz\FizzBuzz.csproj", "{8A1FD433-D36E-4EF1-A6E6-061B5597BE0D}"
EndProject
Project("{9A19103F-16F7-4668-BE54-9A1E7A4F7556}") = "InverseBinaryTree", "InsertBinaryTree\InverseBinaryTree.csproj", "{6F8B232C-2442-4408-88E1-450F499EEB55}"
EndProject
Project("{FAE04EC0-301F-11D3-BF4B-00C04F79EFBC}") = "TwoSum", "TwoSum\TwoSum.csproj", "{441C0FE6-5C1A-4E17-AE96-23490D981E91}"
EndProject
Global
	GlobalSection(SolutionConfigurationPlatforms) = preSolution
		Debug|Any CPU = Debug|Any CPU
		Release|Any CPU = Release|Any CPU
	EndGlobalSection
	GlobalSection(ProjectConfigurationPlatforms) = postSolution
		{8A1FD433-D36E-4EF1-A6E6-061B5597BE0D}.Debug|Any CPU.ActiveCfg = Debug|Any CPU
		{8A1FD433-D36E-4EF1-A6E6-061B5597BE0D}.Debug|Any CPU.Build.0 = Debug|Any CPU
		{8A1FD433-D36E-4EF1-A6E6-061B5597BE0D}.Release|Any CPU.ActiveCfg = Release|Any CPU
		{8A1FD433-D36E-4EF1-A6E6-061B5597BE0D}.Release|Any CPU.Build.0 = Release|Any CPU
		{6F8B232C-2442-4408-88E1-450F499EEB55}.Debug|Any CPU.ActiveCfg = Debug|Any CPU
		{6F8B232C-2442-4408-88E1-450F499EEB55}.Debug|Any CPU.Build.0 = Debug|Any CPU
		{6F8B232C-2442-4408-88E1-450F499EEB55}.Release|Any CPU.ActiveCfg = Release|Any CPU
		{6F8B232C-2442-4408-88E1-450F499EEB55}.Release|Any CPU.Build.0 = Release|Any CPU
		{441C0FE6-5C1A-4E17-AE96-23490D981E91}.Debug|Any CPU.ActiveCfg = Debug|Any CPU
		{441C0FE6-5C1A-4E17-AE96-23490D981E91}.Debug|Any CPU.Build.0 = Debug|Any CPU
		{441C0FE6-5C1A-4E17-AE96-23490D981E91}.Release|Any CPU.ActiveCfg = Release|Any CPU
		{441C0FE6-5C1A-4E17-AE96-23490D981E91}.Release|Any CPU.Build.0 = Release|Any CPU
	EndGlobalSection
	GlobalSection(SolutionProperties) = preSolution
		HideSolutionNode = FALSE
	EndGlobalSection
	GlobalSection(ExtensibilityGlobals) = postSolution
		SolutionGuid = {369FA708-16D9-4A36-94C2-0B6EE7509096}
	EndGlobalSection
EndGlobal
