
Microsoft Visual Studio Solution File, Format Version 12.00
# Visual Studio Version 17
VisualStudioVersion = 17.6.33815.320
MinimumVisualStudioVersion = 10.0.40219.1
Project("{FAE04EC0-301F-11D3-BF4B-00C04F79EFBC}") = "1-HelloWorld", "1-HelloWorld\1-HelloWorld.csproj", "{D31D554B-43AC-40C6-9557-04B5FDC2E13A}"
EndProject
Global
	GlobalSection(SolutionConfigurationPlatforms) = preSolution
		Debug|Any CPU = Debug|Any CPU
		Release|Any CPU = Release|Any CPU
	EndGlobalSection
	GlobalSection(ProjectConfigurationPlatforms) = postSolution
		{D31D554B-43AC-40C6-9557-04B5FDC2E13A}.Debug|Any CPU.ActiveCfg = Debug|Any CPU
		{D31D554B-43AC-40C6-9557-04B5FDC2E13A}.Debug|Any CPU.Build.0 = Debug|Any CPU
		{D31D554B-43AC-40C6-9557-04B5FDC2E13A}.Release|Any CPU.ActiveCfg = Release|Any CPU
		{D31D554B-43AC-40C6-9557-04B5FDC2E13A}.Release|Any CPU.Build.0 = Release|Any CPU
	EndGlobalSection
	GlobalSection(SolutionProperties) = preSolution
		HideSolutionNode = FALSE
	EndGlobalSection
	GlobalSection(ExtensibilityGlobals) = postSolution
		SolutionGuid = {056CCB92-3455-46E3-AA1D-77096F30F5FA}
	EndGlobalSection
EndGlobal
