
Microsoft Visual Studio Solution File, Format Version 12.00
# Visual Studio Version 17
VisualStudioVersion = 17.6.33815.320
MinimumVisualStudioVersion = 10.0.40219.1
Project("{FAE04EC0-301F-11D3-BF4B-00C04F79EFBC}") = "FizzBuzz", "FizzBuzz\FizzBuzz.csproj", "{DBEA6E54-9CAE-4E66-8B59-0EDA45879217}"
EndProject
Global
	GlobalSection(SolutionConfigurationPlatforms) = preSolution
		Debug|Any CPU = Debug|Any CPU
		Release|Any CPU = Release|Any CPU
	EndGlobalSection
	GlobalSection(ProjectConfigurationPlatforms) = postSolution
		{DBEA6E54-9CAE-4E66-8B59-0EDA45879217}.Debug|Any CPU.ActiveCfg = Debug|Any CPU
		{DBEA6E54-9CAE-4E66-8B59-0EDA45879217}.Debug|Any CPU.Build.0 = Debug|Any CPU
		{DBEA6E54-9CAE-4E66-8B59-0EDA45879217}.Release|Any CPU.ActiveCfg = Release|Any CPU
		{DBEA6E54-9CAE-4E66-8B59-0EDA45879217}.Release|Any CPU.Build.0 = Release|Any CPU
	EndGlobalSection
	GlobalSection(SolutionProperties) = preSolution
		HideSolutionNode = FALSE
	EndGlobalSection
	GlobalSection(ExtensibilityGlobals) = postSolution
		SolutionGuid = {056CCB92-3455-46E3-AA1D-77096F30F5FA}
	EndGlobalSection
EndGlobal
